
Microsoft Visual Studio Solution File, Format Version 12.00
# Visual Studio Version 17
VisualStudioVersion = 17.3.32929.385
MinimumVisualStudioVersion = 10.0.40219.1
Project("{2150E333-8FDC-42A3-9474-1A3956D46DE8}") = "1. Teste de unidade", "1. Teste de unidade", "{24D15BF2-B77C-403E-92E0-AF45852B7D5D}"
EndProject
Project("{2150E333-8FDC-42A3-9474-1A3956D46DE8}") = "1.1 Testes básicos", "1.1 Testes básicos", "{5A8CBC98-9113-4A8A-A173-87DC775CB80B}"
EndProject
Project("{FAE04EC0-301F-11D3-BF4B-00C04F79EFBC}") = "Demo", "Demo\Demo.csproj", "{9464665F-FEEE-4247-9C8C-21557746AB80}"
EndProject
Project("{FAE04EC0-301F-11D3-BF4B-00C04F79EFBC}") = "Demo.Tests", "Demo.Tests\Demo.Tests.csproj", "{6C8C6387-2B70-49BF-9060-09E7CF1A37B6}"
EndProject
Global
	GlobalSection(SolutionConfigurationPlatforms) = preSolution
		Debug|Any CPU = Debug|Any CPU
		Release|Any CPU = Release|Any CPU
	EndGlobalSection
	GlobalSection(ProjectConfigurationPlatforms) = postSolution
		{9464665F-FEEE-4247-9C8C-21557746AB80}.Debug|Any CPU.ActiveCfg = Debug|Any CPU
		{9464665F-FEEE-4247-9C8C-21557746AB80}.Debug|Any CPU.Build.0 = Debug|Any CPU
		{9464665F-FEEE-4247-9C8C-21557746AB80}.Release|Any CPU.ActiveCfg = Release|Any CPU
		{9464665F-FEEE-4247-9C8C-21557746AB80}.Release|Any CPU.Build.0 = Release|Any CPU
		{6C8C6387-2B70-49BF-9060-09E7CF1A37B6}.Debug|Any CPU.ActiveCfg = Debug|Any CPU
		{6C8C6387-2B70-49BF-9060-09E7CF1A37B6}.Debug|Any CPU.Build.0 = Debug|Any CPU
		{6C8C6387-2B70-49BF-9060-09E7CF1A37B6}.Release|Any CPU.ActiveCfg = Release|Any CPU
		{6C8C6387-2B70-49BF-9060-09E7CF1A37B6}.Release|Any CPU.Build.0 = Release|Any CPU
	EndGlobalSection
	GlobalSection(SolutionProperties) = preSolution
		HideSolutionNode = FALSE
	EndGlobalSection
	GlobalSection(NestedProjects) = preSolution
		{5A8CBC98-9113-4A8A-A173-87DC775CB80B} = {24D15BF2-B77C-403E-92E0-AF45852B7D5D}
		{9464665F-FEEE-4247-9C8C-21557746AB80} = {5A8CBC98-9113-4A8A-A173-87DC775CB80B}
		{6C8C6387-2B70-49BF-9060-09E7CF1A37B6} = {5A8CBC98-9113-4A8A-A173-87DC775CB80B}
	EndGlobalSection
	GlobalSection(ExtensibilityGlobals) = postSolution
		SolutionGuid = {17E54DBC-7A71-4FA3-9A38-2A0C330A11C3}
	EndGlobalSection
EndGlobal
